// !$*UTF8*$!
{
	archiveVersion = 1;
	classes = {
	};
	objectVersion = 77;
	objects = {

/* Begin PBXContainerItemProxy section */
		CEB5C2F22D93D437006AB7AB /* PBXContainerItemProxy */ = {
			isa = PBXContainerItemProxy;
			containerPortal = CEB5C2D92D93D435006AB7AB /* Project object */;
			proxyType = 1;
			remoteGlobalIDString = CEB5C2E02D93D435006AB7AB;
			remoteInfo = "Subscription Tracker";
		};
		CEB5C2FC2D93D437006AB7AB /* PBXContainerItemProxy */ = {
			isa = PBXContainerItemProxy;
			containerPortal = CEB5C2D92D93D435006AB7AB /* Project object */;
			proxyType = 1;
			remoteGlobalIDString = CEB5C2E02D93D435006AB7AB;
			remoteInfo = "Subscription Tracker";
		};
/* End PBXContainerItemProxy section */

/* Begin PBXFileReference section */
		CEB5C2E12D93D435006AB7AB /* Subscription Tracker.app */ = {isa = PBXFileReference; explicitFileType = wrapper.application; includeInIndex = 0; path = "Subscription Tracker.app"; sourceTree = BUILT_PRODUCTS_DIR; };
		CEB5C2F12D93D437006AB7AB /* Subscription TrackerTests.xctest */ = {isa = PBXFileReference; explicitFileType = wrapper.cfbundle; includeInIndex = 0; path = "Subscription TrackerTests.xctest"; sourceTree = BUILT_PRODUCTS_DIR; };
		CEB5C2FB2D93D437006AB7AB /* Subscription TrackerUITests.xctest */ = {isa = PBXFileReference; explicitFileType = wrapper.cfbundle; includeInIndex = 0; path = "Subscription TrackerUITests.xctest"; sourceTree = BUILT_PRODUCTS_DIR; };
/* End PBXFileReference section */

/* Begin PBXFileSystemSynchronizedRootGroup section */
		CEB5C2E32D93D435006AB7AB /* Subscription Tracker */ = {
			isa = PBXFileSystemSynchronizedRootGroup;
			path = "Subscription Tracker";
			sourceTree = "<group>";
		};
		CEB5C2F42D93D437006AB7AB /* Subscription TrackerTests */ = {
			isa = PBXFileSystemSynchronizedRootGroup;
			path = "Subscription TrackerTests";
			sourceTree = "<group>";
		};
		CEB5C2FE2D93D437006AB7AB /* Subscription TrackerUITests */ = {
			isa = PBXFileSystemSynchronizedRootGroup;
			path = "Subscription TrackerUITests";
			sourceTree = "<group>";
		};
/* End PBXFileSystemSynchronizedRootGroup section */

/* Begin PBXFrameworksBuildPhase section */
		CEB5C2DE2D93D435006AB7AB /* Frameworks */ = {
			isa = PBXFrameworksBuildPhase;
			buildActionMask = 2147483647;
			files = (
			);
			runOnlyForDeploymentPostprocessing = 0;
		};
		CEB5C2EE2D93D437006AB7AB /* Frameworks */ = {
			isa = PBXFrameworksBuildPhase;
			buildActionMask = 2147483647;
			files = (
			);
			runOnlyForDeploymentPostprocessing = 0;
		};
		CEB5C2F82D93D437006AB7AB /* Frameworks */ = {
			isa = PBXFrameworksBuildPhase;
			buildActionMask = 2147483647;
			files = (
			);
			runOnlyForDeploymentPostprocessing = 0;
		};
/* End PBXFrameworksBuildPhase section */

/* Begin PBXGroup section */
		CEB5C2D82D93D435006AB7AB = {
			isa = PBXGroup;
			children = (
				CEB5C2E32D93D435006AB7AB /* Subscription Tracker */,
				CEB5C2F42D93D437006AB7AB /* Subscription TrackerTests */,
				CEB5C2FE2D93D437006AB7AB /* Subscription TrackerUITests */,
				CEB5C2E22D93D435006AB7AB /* Products */,
			);
			sourceTree = "<group>";
		};
		CEB5C2E22D93D435006AB7AB /* Products */ = {
			isa = PBXGroup;
			children = (
				CEB5C2E12D93D435006AB7AB /* Subscription Tracker.app */,
				CEB5C2F12D93D437006AB7AB /* Subscription TrackerTests.xctest */,
				CEB5C2FB2D93D437006AB7AB /* Subscription TrackerUITests.xctest */,
			);
			name = Products;
			sourceTree = "<group>";
		};
/* End PBXGroup section */

/* Begin PBXNativeTarget section */
		CEB5C2E02D93D435006AB7AB /* Subscription Tracker */ = {
			isa = PBXNativeTarget;
			buildConfigurationList = CEB5C3052D93D437006AB7AB /* Build configuration list for PBXNativeTarget "Subscription Tracker" */;
			buildPhases = (
				CEB5C2DD2D93D435006AB7AB /* Sources */,
				CEB5C2DE2D93D435006AB7AB /* Frameworks */,
				CEB5C2DF2D93D435006AB7AB /* Resources */,
			);
			buildRules = (
			);
			dependencies = (
			);
			fileSystemSynchronizedGroups = (
				CEB5C2E32D93D435006AB7AB /* Subscription Tracker */,
			);
			name = "Subscription Tracker";
			packageProductDependencies = (
			);
			productName = "Subscription Tracker";
			productReference = CEB5C2E12D93D435006AB7AB /* Subscription Tracker.app */;
			productType = "com.apple.product-type.application";
		};
		CEB5C2F02D93D437006AB7AB /* Subscription TrackerTests */ = {
			isa = PBXNativeTarget;
			buildConfigurationList = CEB5C3082D93D437006AB7AB /* Build configuration list for PBXNativeTarget "Subscription TrackerTests" */;
			buildPhases = (
				CEB5C2ED2D93D437006AB7AB /* Sources */,
				CEB5C2EE2D93D437006AB7AB /* Frameworks */,
				CEB5C2EF2D93D437006AB7AB /* Resources */,
			);
			buildRules = (
			);
			dependencies = (
				CEB5C2F32D93D437006AB7AB /* PBXTargetDependency */,
			);
			fileSystemSynchronizedGroups = (
				CEB5C2F42D93D437006AB7AB /* Subscription TrackerTests */,
			);
			name = "Subscription TrackerTests";
			packageProductDependencies = (
			);
			productName = "Subscription TrackerTests";
			productReference = CEB5C2F12D93D437006AB7AB /* Subscription TrackerTests.xctest */;
			productType = "com.apple.product-type.bundle.unit-test";
		};
		CEB5C2FA2D93D437006AB7AB /* Subscription TrackerUITests */ = {
			isa = PBXNativeTarget;
			buildConfigurationList = CEB5C30B2D93D437006AB7AB /* Build configuration list for PBXNativeTarget "Subscription TrackerUITests" */;
			buildPhases = (
				CEB5C2F72D93D437006AB7AB /* Sources */,
				CEB5C2F82D93D437006AB7AB /* Frameworks */,
				CEB5C2F92D93D437006AB7AB /* Resources */,
			);
			buildRules = (
			);
			dependencies = (
				CEB5C2FD2D93D437006AB7AB /* PBXTargetDependency */,
			);
			fileSystemSynchronizedGroups = (
				CEB5C2FE2D93D437006AB7AB /* Subscription TrackerUITests */,
			);
			name = "Subscription TrackerUITests";
			packageProductDependencies = (
			);
			productName = "Subscription TrackerUITests";
			productReference = CEB5C2FB2D93D437006AB7AB /* Subscription TrackerUITests.xctest */;
			productType = "com.apple.product-type.bundle.ui-testing";
		};
/* End PBXNativeTarget section */

/* Begin PBXProject section */
		CEB5C2D92D93D435006AB7AB /* Project object */ = {
			isa = PBXProject;
			attributes = {
				BuildIndependentTargetsInParallel = 1;
				LastSwiftUpdateCheck = 1610;
				LastUpgradeCheck = 1610;
				TargetAttributes = {
					CEB5C2E02D93D435006AB7AB = {
						CreatedOnToolsVersion = 16.1;
					};
					CEB5C2F02D93D437006AB7AB = {
						CreatedOnToolsVersion = 16.1;
						TestTargetID = CEB5C2E02D93D435006AB7AB;
					};
					CEB5C2FA2D93D437006AB7AB = {
						CreatedOnToolsVersion = 16.1;
						TestTargetID = CEB5C2E02D93D435006AB7AB;
					};
				};
			};
			buildConfigurationList = CEB5C2DC2D93D435006AB7AB /* Build configuration list for PBXProject "Subscription Tracker" */;
			developmentRegion = en;
			hasScannedForEncodings = 0;
			knownRegions = (
				en,
				Base,
			);
			mainGroup = CEB5C2D82D93D435006AB7AB;
			minimizedProjectReferenceProxies = 1;
			preferredProjectObjectVersion = 77;
			productRefGroup = CEB5C2E22D93D435006AB7AB /* Products */;
			projectDirPath = "";
			projectRoot = "";
			targets = (
				CEB5C2E02D93D435006AB7AB /* Subscription Tracker */,
				CEB5C2F02D93D437006AB7AB /* Subscription TrackerTests */,
				CEB5C2FA2D93D437006AB7AB /* Subscription TrackerUITests */,
			);
		};
/* End PBXProject section */

/* Begin PBXResourcesBuildPhase section */
		CEB5C2DF2D93D435006AB7AB /* Resources */ = {
			isa = PBXResourcesBuildPhase;
			buildActionMask = 2147483647;
			files = (
			);
			runOnlyForDeploymentPostprocessing = 0;
		};
		CEB5C2EF2D93D437006AB7AB /* Resources */ = {
			isa = PBXResourcesBuildPhase;
			buildActionMask = 2147483647;
			files = (
			);
			runOnlyForDeploymentPostprocessing = 0;
		};
		CEB5C2F92D93D437006AB7AB /* Resources */ = {
			isa = PBXResourcesBuildPhase;
			buildActionMask = 2147483647;
			files = (
			);
			runOnlyForDeploymentPostprocessing = 0;
		};
/* End PBXResourcesBuildPhase section */

/* Begin PBXSourcesBuildPhase section */
		CEB5C2DD2D93D435006AB7AB /* Sources */ = {
			isa = PBXSourcesBuildPhase;
			buildActionMask = 2147483647;
			files = (
			);
			runOnlyForDeploymentPostprocessing = 0;
		};
		CEB5C2ED2D93D437006AB7AB /* Sources */ = {
			isa = PBXSourcesBuildPhase;
			buildActionMask = 2147483647;
			files = (
			);
			runOnlyForDeploymentPostprocessing = 0;
		};
		CEB5C2F72D93D437006AB7AB /* Sources */ = {
			isa = PBXSourcesBuildPhase;
			buildActionMask = 2147483647;
			files = (
			);
			runOnlyForDeploymentPostprocessing = 0;
		};
/* End PBXSourcesBuildPhase section */

/* Begin PBXTargetDependency section */
		CEB5C2F32D93D437006AB7AB /* PBXTargetDependency */ = {
			isa = PBXTargetDependency;
			target = CEB5C2E02D93D435006AB7AB /* Subscription Tracker */;
			targetProxy = CEB5C2F22D93D437006AB7AB /* PBXContainerItemProxy */;
		};
		CEB5C2FD2D93D437006AB7AB /* PBXTargetDependency */ = {
			isa = PBXTargetDependency;
			target = CEB5C2E02D93D435006AB7AB /* Subscription Tracker */;
			targetProxy = CEB5C2FC2D93D437006AB7AB /* PBXContainerItemProxy */;
		};
/* End PBXTargetDependency section */

/* Begin XCBuildConfiguration section */
		CEB5C3032D93D437006AB7AB /* Debug */ = {
			isa = XCBuildConfiguration;
			buildSettings = {
				ALWAYS_SEARCH_USER_PATHS = NO;
				ASSETCATALOG_COMPILER_GENERATE_SWIFT_ASSET_SYMBOL_EXTENSIONS = YES;
				CLANG_ANALYZER_NONNULL = YES;
				CLANG_ANALYZER_NUMBER_OBJECT_CONVERSION = YES_AGGRESSIVE;
				CLANG_CXX_LANGUAGE_STANDARD = "gnu++20";
				CLANG_ENABLE_MODULES = YES;
				CLANG_ENABLE_OBJC_ARC = YES;
				CLANG_ENABLE_OBJC_WEAK = YES;
				CLANG_WARN_BLOCK_CAPTURE_AUTORELEASING = YES;
				CLANG_WARN_BOOL_CONVERSION = YES;
				CLANG_WARN_COMMA = YES;
				CLANG_WARN_CONSTANT_CONVERSION = YES;
				CLANG_WARN_DEPRECATED_OBJC_IMPLEMENTATIONS = YES;
				CLANG_WARN_DIRECT_OBJC_ISA_USAGE = YES_ERROR;
				CLANG_WARN_DOCUMENTATION_COMMENTS = YES;
				CLANG_WARN_EMPTY_BODY = YES;
				CLANG_WARN_ENUM_CONVERSION = YES;
				CLANG_WARN_INFINITE_RECURSION = YES;
				CLANG_WARN_INT_CONVERSION = YES;
				CLANG_WARN_NON_LITERAL_NULL_CONVERSION = YES;
				CLANG_WARN_OBJC_IMPLICIT_RETAIN_SELF = YES;
				CLANG_WARN_OBJC_LITERAL_CONVERSION = YES;
				CLANG_WARN_OBJC_ROOT_CLASS = YES_ERROR;
				CLANG_WARN_QUOTED_INCLUDE_IN_FRAMEWORK_HEADER = YES;
				CLANG_WARN_RANGE_LOOP_ANALYSIS = YES;
				CLANG_WARN_STRICT_PROTOTYPES = YES;
				CLANG_WARN_SUSPICIOUS_MOVE = YES;
				CLANG_WARN_UNGUARDED_AVAILABILITY = YES_AGGRESSIVE;
				CLANG_WARN_UNREACHABLE_CODE = YES;
				CLANG_WARN__DUPLICATE_METHOD_MATCH = YES;
				COPY_PHASE_STRIP = NO;
				DEBUG_INFORMATION_FORMAT = dwarf;
				ENABLE_STRICT_OBJC_MSGSEND = YES;
				ENABLE_TESTABILITY = YES;
				ENABLE_USER_SCRIPT_SANDBOXING = YES;
				GCC_C_LANGUAGE_STANDARD = gnu17;
				GCC_DYNAMIC_NO_PIC = NO;
				GCC_NO_COMMON_BLOCKS = YES;
				GCC_OPTIMIZATION_LEVEL = 0;
				GCC_PREPROCESSOR_DEFINITIONS = (
					"DEBUG=1",
					"$(inherited)",
				);
				GCC_WARN_64_TO_32_BIT_CONVERSION = YES;
				GCC_WARN_ABOUT_RETURN_TYPE = YES_ERROR;
				GCC_WARN_UNDECLARED_SELECTOR = YES;
				GCC_WARN_UNINITIALIZED_AUTOS = YES_AGGRESSIVE;
				GCC_WARN_UNUSED_FUNCTION = YES;
				GCC_WARN_UNUSED_VARIABLE = YES;
				IPHONEOS_DEPLOYMENT_TARGET = 18.1;
				LOCALIZATION_PREFERS_STRING_CATALOGS = YES;
				MTL_ENABLE_DEBUG_INFO = INCLUDE_SOURCE;
				MTL_FAST_MATH = YES;
				ONLY_ACTIVE_ARCH = YES;
				SDKROOT = iphoneos;
				SWIFT_ACTIVE_COMPILATION_CONDITIONS = "DEBUG $(inherited)";
				SWIFT_OPTIMIZATION_LEVEL = "-Onone";
			};
			name = Debug;
		};
		CEB5C3042D93D437006AB7AB /* Release */ = {
			isa = XCBuildConfiguration;
			buildSettings = {
				ALWAYS_SEARCH_USER_PATHS = NO;
				ASSETCATALOG_COMPILER_GENERATE_SWIFT_ASSET_SYMBOL_EXTENSIONS = YES;
				CLANG_ANALYZER_NONNULL = YES;
				CLANG_ANALYZER_NUMBER_OBJECT_CONVERSION = YES_AGGRESSIVE;
				CLANG_CXX_LANGUAGE_STANDARD = "gnu++20";
				CLANG_ENABLE_MODULES = YES;
				CLANG_ENABLE_OBJC_ARC = YES;
				CLANG_ENABLE_OBJC_WEAK = YES;
				CLANG_WARN_BLOCK_CAPTURE_AUTORELEASING = YES;
				CLANG_WARN_BOOL_CONVERSION = YES;
				CLANG_WARN_COMMA = YES;
				CLANG_WARN_CONSTANT_CONVERSION = YES;
				CLANG_WARN_DEPRECATED_OBJC_IMPLEMENTATIONS = YES;
				CLANG_WARN_DIRECT_OBJC_ISA_USAGE = YES_ERROR;
				CLANG_WARN_DOCUMENTATION_COMMENTS = YES;
				CLANG_WARN_EMPTY_BODY = YES;
				CLANG_WARN_ENUM_CONVERSION = YES;
				CLANG_WARN_INFINITE_RECURSION = YES;
				CLANG_WARN_INT_CONVERSION = YES;
				CLANG_WARN_NON_LITERAL_NULL_CONVERSION = YES;
				CLANG_WARN_OBJC_IMPLICIT_RETAIN_SELF = YES;
				CLANG_WARN_OBJC_LITERAL_CONVERSION = YES;
				CLANG_WARN_OBJC_ROOT_CLASS = YES_ERROR;
				CLANG_WARN_QUOTED_INCLUDE_IN_FRAMEWORK_HEADER = YES;
				CLANG_WARN_RANGE_LOOP_ANALYSIS = YES;
				CLANG_WARN_STRICT_PROTOTYPES = YES;
				CLANG_WARN_SUSPICIOUS_MOVE = YES;
				CLANG_WARN_UNGUARDED_AVAILABILITY = YES_AGGRESSIVE;
				CLANG_WARN_UNREACHABLE_CODE = YES;
				CLANG_WARN__DUPLICATE_METHOD_MATCH = YES;
				COPY_PHASE_STRIP = NO;
				DEBUG_INFORMATION_FORMAT = "dwarf-with-dsym";
				ENABLE_NS_ASSERTIONS = NO;
				ENABLE_STRICT_OBJC_MSGSEND = YES;
				ENABLE_USER_SCRIPT_SANDBOXING = YES;
				GCC_C_LANGUAGE_STANDARD = gnu17;
				GCC_NO_COMMON_BLOCKS = YES;
				GCC_WARN_64_TO_32_BIT_CONVERSION = YES;
				GCC_WARN_ABOUT_RETURN_TYPE = YES_ERROR;
				GCC_WARN_UNDECLARED_SELECTOR = YES;
				GCC_WARN_UNINITIALIZED_AUTOS = YES_AGGRESSIVE;
				GCC_WARN_UNUSED_FUNCTION = YES;
				GCC_WARN_UNUSED_VARIABLE = YES;
				IPHONEOS_DEPLOYMENT_TARGET = 18.1;
				LOCALIZATION_PREFERS_STRING_CATALOGS = YES;
				MTL_ENABLE_DEBUG_INFO = NO;
				MTL_FAST_MATH = YES;
				SDKROOT = iphoneos;
				SWIFT_COMPILATION_MODE = wholemodule;
				VALIDATE_PRODUCT = YES;
			};
			name = Release;
		};
		CEB5C3062D93D437006AB7AB /* Debug */ = {
			isa = XCBuildConfiguration;
			buildSettings = {
				ASSETCATALOG_COMPILER_APPICON_NAME = AppIcon;
				ASSETCATALOG_COMPILER_GLOBAL_ACCENT_COLOR_NAME = AccentColor;
				CODE_SIGN_STYLE = Automatic;
				CURRENT_PROJECT_VERSION = 1;
				DEVELOPMENT_ASSET_PATHS = "\"Subscription Tracker/Preview Content\"";
				ENABLE_PREVIEWS = YES;
				GENERATE_INFOPLIST_FILE = YES;
				INFOPLIST_KEY_UIApplicationSceneManifest_Generation = YES;
				INFOPLIST_KEY_UIApplicationSupportsIndirectInputEvents = YES;
				INFOPLIST_KEY_UILaunchScreen_Generation = YES;
				INFOPLIST_KEY_UISupportedInterfaceOrientations_iPad = "UIInterfaceOrientationPortrait UIInterfaceOrientationPortraitUpsideDown UIInterfaceOrientationLandscapeLeft UIInterfaceOrientationLandscapeRight";
				INFOPLIST_KEY_UISupportedInterfaceOrientations_iPhone = "UIInterfaceOrientationPortrait UIInterfaceOrientationLandscapeLeft UIInterfaceOrientationLandscapeRight";
				LD_RUNPATH_SEARCH_PATHS = (
					"$(inherited)",
					"@executable_path/Frameworks",
				);
				MARKETING_VERSION = 1.0;
				PRODUCT_BUNDLE_IDENTIFIER = "aditya-kamat.Subscription-Tracker";
				PRODUCT_NAME = "$(TARGET_NAME)";
				SWIFT_EMIT_LOC_STRINGS = YES;
				SWIFT_VERSION = 5.0;
				TARGETED_DEVICE_FAMILY = "1,2";
			};
			name = Debug;
		};
		CEB5C3072D93D437006AB7AB /* Release */ = {
			isa = XCBuildConfiguration;
			buildSettings = {
				ASSETCATALOG_COMPILER_APPICON_NAME = AppIcon;
				ASSETCATALOG_COMPILER_GLOBAL_ACCENT_COLOR_NAME = AccentColor;
				CODE_SIGN_STYLE = Automatic;
				CURRENT_PROJECT_VERSION = 1;
				DEVELOPMENT_ASSET_PATHS = "\"Subscription Tracker/Preview Content\"";
				ENABLE_PREVIEWS = YES;
				GENERATE_INFOPLIST_FILE = YES;
				INFOPLIST_KEY_UIApplicationSceneManifest_Generation = YES;
				INFOPLIST_KEY_UIApplicationSupportsIndirectInputEvents = YES;
				INFOPLIST_KEY_UILaunchScreen_Generation = YES;
				INFOPLIST_KEY_UISupportedInterfaceOrientations_iPad = "UIInterfaceOrientationPortrait UIInterfaceOrientationPortraitUpsideDown UIInterfaceOrientationLandscapeLeft UIInterfaceOrientationLandscapeRight";
				INFOPLIST_KEY_UISupportedInterfaceOrientations_iPhone = "UIInterfaceOrientationPortrait UIInterfaceOrientationLandscapeLeft UIInterfaceOrientationLandscapeRight";
				LD_RUNPATH_SEARCH_PATHS = (
					"$(inherited)",
					"@executable_path/Frameworks",
				);
				MARKETING_VERSION = 1.0;
				PRODUCT_BUNDLE_IDENTIFIER = "aditya-kamat.Subscription-Tracker";
				PRODUCT_NAME = "$(TARGET_NAME)";
				SWIFT_EMIT_LOC_STRINGS = YES;
				SWIFT_VERSION = 5.0;
				TARGETED_DEVICE_FAMILY = "1,2";
			};
			name = Release;
		};
		CEB5C3092D93D437006AB7AB /* Debug */ = {
			isa = XCBuildConfiguration;
			buildSettings = {
				BUNDLE_LOADER = "$(TEST_HOST)";
				CODE_SIGN_STYLE = Automatic;
				CURRENT_PROJECT_VERSION = 1;
				GENERATE_INFOPLIST_FILE = YES;
				IPHONEOS_DEPLOYMENT_TARGET = 18.1;
				MARKETING_VERSION = 1.0;
				PRODUCT_BUNDLE_IDENTIFIER = "aditya-kamat.Subscription-TrackerTests";
				PRODUCT_NAME = "$(TARGET_NAME)";
				SWIFT_EMIT_LOC_STRINGS = NO;
				SWIFT_VERSION = 5.0;
				TARGETED_DEVICE_FAMILY = "1,2";
				TEST_HOST = "$(BUILT_PRODUCTS_DIR)/Subscription Tracker.app/$(BUNDLE_EXECUTABLE_FOLDER_PATH)/Subscription Tracker";
			};
			name = Debug;
		};
		CEB5C30A2D93D437006AB7AB /* Release */ = {
			isa = XCBuildConfiguration;
			buildSettings = {
				BUNDLE_LOADER = "$(TEST_HOST)";
				CODE_SIGN_STYLE = Automatic;
				CURRENT_PROJECT_VERSION = 1;
				GENERATE_INFOPLIST_FILE = YES;
				IPHONEOS_DEPLOYMENT_TARGET = 18.1;
				MARKETING_VERSION = 1.0;
				PRODUCT_BUNDLE_IDENTIFIER = "aditya-kamat.Subscription-TrackerTests";
				PRODUCT_NAME = "$(TARGET_NAME)";
				SWIFT_EMIT_LOC_STRINGS = NO;
				SWIFT_VERSION = 5.0;
				TARGETED_DEVICE_FAMILY = "1,2";
				TEST_HOST = "$(BUILT_PRODUCTS_DIR)/Subscription Tracker.app/$(BUNDLE_EXECUTABLE_FOLDER_PATH)/Subscription Tracker";
			};
			name = Release;
		};
		CEB5C30C2D93D437006AB7AB /* Debug */ = {
			isa = XCBuildConfiguration;
			buildSettings = {
				CODE_SIGN_STYLE = Automatic;
				CURRENT_PROJECT_VERSION = 1;
				GENERATE_INFOPLIST_FILE = YES;
				MARKETING_VERSION = 1.0;
				PRODUCT_BUNDLE_IDENTIFIER = "aditya-kamat.Subscription-TrackerUITests";
				PRODUCT_NAME = "$(TARGET_NAME)";
				SWIFT_EMIT_LOC_STRINGS = NO;
				SWIFT_VERSION = 5.0;
				TARGETED_DEVICE_FAMILY = "1,2";
				TEST_TARGET_NAME = "Subscription Tracker";
			};
			name = Debug;
		};
		CEB5C30D2D93D437006AB7AB /* Release */ = {
			isa = XCBuildConfiguration;
			buildSettings = {
				CODE_SIGN_STYLE = Automatic;
				CURRENT_PROJECT_VERSION = 1;
				GENERATE_INFOPLIST_FILE = YES;
				MARKETING_VERSION = 1.0;
				PRODUCT_BUNDLE_IDENTIFIER = "aditya-kamat.Subscription-TrackerUITests";
				PRODUCT_NAME = "$(TARGET_NAME)";
				SWIFT_EMIT_LOC_STRINGS = NO;
				SWIFT_VERSION = 5.0;
				TARGETED_DEVICE_FAMILY = "1,2";
				TEST_TARGET_NAME = "Subscription Tracker";
			};
			name = Release;
		};
/* End XCBuildConfiguration section */

/* Begin XCConfigurationList section */
		CEB5C2DC2D93D435006AB7AB /* Build configuration list for PBXProject "Subscription Tracker" */ = {
			isa = XCConfigurationList;
			buildConfigurations = (
				CEB5C3032D93D437006AB7AB /* Debug */,
				CEB5C3042D93D437006AB7AB /* Release */,
			);
			defaultConfigurationIsVisible = 0;
			defaultConfigurationName = Release;
		};
		CEB5C3052D93D437006AB7AB /* Build configuration list for PBXNativeTarget "Subscription Tracker" */ = {
			isa = XCConfigurationList;
			buildConfigurations = (
				CEB5C3062D93D437006AB7AB /* Debug */,
				CEB5C3072D93D437006AB7AB /* Release */,
			);
			defaultConfigurationIsVisible = 0;
			defaultConfigurationName = Release;
		};
		CEB5C3082D93D437006AB7AB /* Build configuration list for PBXNativeTarget "Subscription TrackerTests" */ = {
			isa = XCConfigurationList;
			buildConfigurations = (
				CEB5C3092D93D437006AB7AB /* Debug */,
				CEB5C30A2D93D437006AB7AB /* Release */,
			);
			defaultConfigurationIsVisible = 0;
			defaultConfigurationName = Release;
		};
		CEB5C30B2D93D437006AB7AB /* Build configuration list for PBXNativeTarget "Subscription TrackerUITests" */ = {
			isa = XCConfigurationList;
			buildConfigurations = (
				CEB5C30C2D93D437006AB7AB /* Debug */,
				CEB5C30D2D93D437006AB7AB /* Release */,
			);
			defaultConfigurationIsVisible = 0;
			defaultConfigurationName = Release;
		};
/* End XCConfigurationList section */
	};
	rootObject = CEB5C2D92D93D435006AB7AB /* Project object */;
}
